
Microsoft Visual Studio Solution File, Format Version 12.00
# Visual Studio Version 17
VisualStudioVersion = 17.9.34622.214
MinimumVisualStudioVersion = 10.0.40219.1
Project("{FAE04EC0-301F-11D3-BF4B-00C04F79EFBC}") = "Prelim_E2_Assignment_MalonesMaryChel_BSIT32E2", "Prelim_E2_Assignment_MalonesMaryChel_BSIT32E2\Prelim_E2_Assignment_MalonesMaryChel_BSIT32E2.csproj", "{BB59A49A-249B-4F82-B671-4E27B87FB038}"
EndProject
Global
	GlobalSection(SolutionConfigurationPlatforms) = preSolution
		Debug|Any CPU = Debug|Any CPU
		Release|Any CPU = Release|Any CPU
	EndGlobalSection
	GlobalSection(ProjectConfigurationPlatforms) = postSolution
		{BB59A49A-249B-4F82-B671-4E27B87FB038}.Debug|Any CPU.ActiveCfg = Debug|Any CPU
		{BB59A49A-249B-4F82-B671-4E27B87FB038}.Debug|Any CPU.Build.0 = Debug|Any CPU
		{BB59A49A-249B-4F82-B671-4E27B87FB038}.Release|Any CPU.ActiveCfg = Release|Any CPU
		{BB59A49A-249B-4F82-B671-4E27B87FB038}.Release|Any CPU.Build.0 = Release|Any CPU
	EndGlobalSection
	GlobalSection(SolutionProperties) = preSolution
		HideSolutionNode = FALSE
	EndGlobalSection
	GlobalSection(ExtensibilityGlobals) = postSolution
		SolutionGuid = {60597CF4-6489-47D2-8896-3DC033C39AA5}
	EndGlobalSection
EndGlobal
